
Microsoft Visual Studio Solution File, Format Version 12.00
# Visual Studio Version 16
VisualStudioVersion = 16.0.29709.97
MinimumVisualStudioVersion = 10.0.40219.1
Project("{FAE04EC0-301F-11D3-BF4B-00C04F79EFBC}") = "Reshala", "Reshala\Reshala.csproj", "{1343ABD9-D511-4C81-B9F3-760853D8C75F}"
EndProject
Global
	GlobalSection(SolutionConfigurationPlatforms) = preSolution
		Debug|Any CPU = Debug|Any CPU
		Release|Any CPU = Release|Any CPU
	EndGlobalSection
	GlobalSection(ProjectConfigurationPlatforms) = postSolution
		{1343ABD9-D511-4C81-B9F3-760853D8C75F}.Debug|Any CPU.ActiveCfg = Debug|Any CPU
		{1343ABD9-D511-4C81-B9F3-760853D8C75F}.Debug|Any CPU.Build.0 = Debug|Any CPU
		{1343ABD9-D511-4C81-B9F3-760853D8C75F}.Release|Any CPU.ActiveCfg = Release|Any CPU
		{1343ABD9-D511-4C81-B9F3-760853D8C75F}.Release|Any CPU.Build.0 = Release|Any CPU
	EndGlobalSection
	GlobalSection(SolutionProperties) = preSolution
		HideSolutionNode = FALSE
	EndGlobalSection
	GlobalSection(ExtensibilityGlobals) = postSolution
		SolutionGuid = {F3E833CE-76ED-400D-9C90-9271CFF49A2A}
	EndGlobalSection
EndGlobal
